{
  "version": "5",
  "redirects": {
    "https://esm.sh/@supabase/node-fetch@^2.6.14?target=denonext": "https://esm.sh/@supabase/node-fetch@2.6.15?target=denonext",
    "https://esm.sh/@types/ws@~8.18.1/index.d.mts": "https://esm.sh/@types/ws@8.18.1/index.d.mts",
    "https://esm.sh/bufferutil@^4.0.1?target=denonext": "https://esm.sh/bufferutil@4.1.0?target=denonext",
    "https://esm.sh/node-gyp-build@^4.3.0?target=denonext": "https://esm.sh/node-gyp-build@4.8.4?target=denonext",
    "https://esm.sh/tr46@~0.0.3?target=denonext": "https://esm.sh/tr46@0.0.3?target=denonext",
    "https://esm.sh/utf-8-validate@%3E=5.0.2?target=denonext": "https://esm.sh/utf-8-validate@6.0.6?target=denonext",
    "https://esm.sh/webidl-conversions@^3.0.0?target=denonext": "https://esm.sh/webidl-conversions@3.0.1?target=denonext",
    "https://esm.sh/whatwg-url@^5.0.0?target=denonext": "https://esm.sh/whatwg-url@5.0.0?target=denonext",
    "https://esm.sh/ws@^8.18.0?target=denonext": "https://esm.sh/ws@8.19.0?target=denonext"
  },
  "remote": {
    "https://esm.sh/@supabase/auth-js@2.67.3/denonext/auth-js.mjs": "95cad9d3f1829294d4f277191e4b937ca297a63054f14deccf3ac1dfcd9bd1ad",
    "https://esm.sh/@supabase/functions-js@2.4.4/denonext/functions-js.mjs": "7adeb257410ef3c4a8a1eb9b4ff416c0075d1c32860ca04913c8a9dace1de6a6",
    "https://esm.sh/@supabase/node-fetch@2.6.15/denonext/node-fetch.mjs": "0bae9052231f4f6dbccc7234d05ea96923dbf967be12f402764580b6bf9f713d",
    "https://esm.sh/@supabase/node-fetch@2.6.15?target=denonext": "4d28c4ad97328403184353f68434f2b6973971507919e9150297413664919cf3",
    "https://esm.sh/@supabase/postgrest-js@1.17.7/denonext/postgrest-js.mjs": "cbe0588341e0356a847295017eea59e669a12f85a05b01a446f2e1c43ad8fb9f",
    "https://esm.sh/@supabase/realtime-js@2.11.2/denonext/realtime-js.mjs": "c33ac375b6be89c893f9df844d2525a4ace015a35aa6ba236270d00c6605c7ba",
    "https://esm.sh/@supabase/storage-js@2.7.1/denonext/storage-js.mjs": "73ac8cdc95cfcd794fe603dbd7ce06d539ab51538ae6467eabe0f9cc26c993aa",
    "https://esm.sh/@supabase/supabase-js@2.47.10": "8352fea62a92ad2fef32bc6a1aa529a5d2da0c939819f41767dd1480f0f30d70",
    "https://esm.sh/@supabase/supabase-js@2.47.10/denonext/supabase-js.mjs": "bd90f1d7e2ea03263e752ec173e228bf3611c8dd6207580fd6134d36181efad0",
    "https://esm.sh/bufferutil@4.1.0/denonext/bufferutil.mjs": "9b6e81087bdc57848ad1de1f8618ebbace98ebd9ff6cab51260b48c2a045a9c9",
    "https://esm.sh/bufferutil@4.1.0?target=denonext": "aaa2a112199593ccc40da1aedf5124779862ea166afb0a8529f04f907001428a",
    "https://esm.sh/node-gyp-build@4.8.4/denonext/node-gyp-build.mjs": "9a86f2d044fc77bd60aaa3d697c2ba1b818da5fb1b9aaeedec59a40b8e908803",
    "https://esm.sh/node-gyp-build@4.8.4?target=denonext": "261a6cedf1fdbf159798141ba1e2311ac1510682c5c8b55dacc8cf5fdee4aa06",
    "https://esm.sh/tr46@0.0.3/denonext/tr46.mjs": "5753ec0a99414f4055f0c1f97691100f13d88e48a8443b00aebb90a512785fa2",
    "https://esm.sh/tr46@0.0.3?target=denonext": "19cb9be0f0d418a0c3abb81f2df31f080e9540a04e43b0f699bce1149cba0cbb",
    "https://esm.sh/utf-8-validate@6.0.6/denonext/utf-8-validate.mjs": "4a41983aa887625615f52a52b53c223d8f16c74e52a6bd41b2c361894c07f878",
    "https://esm.sh/utf-8-validate@6.0.6?target=denonext": "8afa4e097093160323f232f971ca61474d22ccafdac8025e4e4f66ab4e07b2c4",
    "https://esm.sh/webidl-conversions@3.0.1/denonext/webidl-conversions.mjs": "238cd0743827707cbc1c2d7c2cf1027dbc536fb53ec9a3fde0ff8026a3ac5385",
    "https://esm.sh/webidl-conversions@3.0.1?target=denonext": "4e20318d50528084616c79d7b3f6e7f0fe7b6d09013bd01b3974d7448d767e29",
    "https://esm.sh/whatwg-url@5.0.0/denonext/whatwg-url.mjs": "29b16d74ee72624c915745bbd25b617cfd2248c6af0f5120d131e232a9a9af79",
    "https://esm.sh/whatwg-url@5.0.0?target=denonext": "f001a2cadf81312d214ca330033f474e74d81a003e21e8c5d70a1f46dc97b02d",
    "https://esm.sh/ws@8.19.0/denonext/ws.mjs": "20159ebe457a6c0fdf9a80f10ab7cb73d0d7359e507c714f65eb9eadcc6ab9b2",
    "https://esm.sh/ws@8.19.0?target=denonext": "5754cf6636f02a4d1d3d9aaa9ebca9f6c08c121d3b3f0935dc2936b7a14c9453"
  },
  "workspace": {
    "packageJson": {
      "dependencies": [
        "npm:@dnd-kit/core@^6.3.1",
        "npm:@dnd-kit/modifiers@9",
        "npm:@dnd-kit/sortable@10",
        "npm:@dnd-kit/utilities@^3.2.2",
        "npm:@eslint/js@^9.30.1",
        "npm:@headlessui/react@^2.2.4",
        "npm:@heroicons/react@^2.2.0",
        "npm:@playwright/test@^1.53.1",
        "npm:@radix-ui/react-dialog@^1.1.14",
        "npm:@radix-ui/react-dropdown-menu@^2.1.15",
        "npm:@radix-ui/react-label@^2.1.7",
        "npm:@radix-ui/react-slot@^1.2.3",
        "npm:@supabase/supabase-js@^2.39.7",
        "npm:@tanstack/react-query-devtools@^5.80.7",
        "npm:@tanstack/react-query@^5.80.2",
        "npm:@testing-library/dom@^9.3.1",
        "npm:@testing-library/jest-dom@^6.6.3",
        "npm:@testing-library/react@^14.2.1",
        "npm:@testing-library/user-event@^14.5.2",
        "npm:@types/jest@^29.5.12",
        "npm:@types/node@^22.15.29",
        "npm:@types/react-dom@^18.3.7",
        "npm:@types/react-router-dom@^5.3.3",
        "npm:@types/react@^18.3.23",
        "npm:@types/uuid@10",
        "npm:@vitejs/plugin-react@^4.3.1",
        "npm:@vitest/coverage-v8@^3.2.4",
        "npm:@vitest/ui@^3.2.4",
        "npm:autoprefixer@^10.4.18",
        "npm:chalk@5.3.0",
        "npm:class-variance-authority@~0.7.1",
        "npm:clsx@^2.1.1",
        "npm:date-fns@^3.3.1",
        "npm:dotenv@^16.5.0",
        "npm:eslint-plugin-react-hooks@^5.1.0",
        "npm:eslint-plugin-react-refresh@~0.4.11",
        "npm:eslint@^9.30.1",
        "npm:framer-motion@^12.16.0",
        "npm:globals@^15.9.0",
        "npm:happy-dom@^18.0.1",
        "npm:jsdom@24",
        "npm:lucide-react@0.344",
        "npm:msw@^2.10.2",
        "npm:node-html-parser@^7.0.1",
        "npm:playwright@^1.53.1",
        "npm:postcss@^8.4.35",
        "npm:react-dom@^18.3.1",
        "npm:react-hot-toast@^2.5.2",
        "npm:react-router-dom@^7.6.2",
        "npm:react-toastify@^11.0.5",
        "npm:react@^18.3.1",
        "npm:rollup-plugin-visualizer@^6.0.3",
        "npm:sanitize-html@^2.17.0",
        "npm:sonner@^2.0.5",
        "npm:tailwind-merge@^3.3.0",
        "npm:tailwindcss@^3.4.1",
        "npm:typescript-eslint@^8.36.0",
        "npm:typescript@^5.5.3",
        "npm:uuid@^11.1.0",
        "npm:vite-tsconfig-paths@^4.3.2",
        "npm:vite@^6.3.6",
        "npm:vitest@^3.2.4"
      ]
    }
  }
}
